// !$*UTF8*$!
{
	archiveVersion = 1;
	classes = {
	};
	objectVersion = 50;
	objects = {

/* Begin PBXBuildFile section */
		8FA393EE25139537000D0AF4 /* AppDelegate.swift in Sources */ = {isa = PBXBuildFile; fileRef = 8FA393ED25139537000D0AF4 /* AppDelegate.swift */; };
		8FA393F025139537000D0AF4 /* SceneDelegate.swift in Sources */ = {isa = PBXBuildFile; fileRef = 8FA393EF25139537000D0AF4 /* SceneDelegate.swift */; };
		8FA393F225139537000D0AF4 /* ExchangeViewController.swift in Sources */ = {isa = PBXBuildFile; fileRef = 8FA393F125139537000D0AF4 /* ExchangeViewController.swift */; };
		8FA393F525139537000D0AF4 /* Main.storyboard in Resources */ = {isa = PBXBuildFile; fileRef = 8FA393F325139537000D0AF4 /* Main.storyboard */; };
		8FA393F825139537000D0AF4 /* Le_Baluchon.xcdatamodeld in Sources */ = {isa = PBXBuildFile; fileRef = 8FA393F625139537000D0AF4 /* Le_Baluchon.xcdatamodeld */; };
		8FA393FA2513953C000D0AF4 /* Assets.xcassets in Resources */ = {isa = PBXBuildFile; fileRef = 8FA393F92513953C000D0AF4 /* Assets.xcassets */; };
		8FA393FD2513953C000D0AF4 /* LaunchScreen.storyboard in Resources */ = {isa = PBXBuildFile; fileRef = 8FA393FB2513953C000D0AF4 /* LaunchScreen.storyboard */; };
		8FA394082513953D000D0AF4 /* Le_BaluchonTests.swift in Sources */ = {isa = PBXBuildFile; fileRef = 8FA394072513953D000D0AF4 /* Le_BaluchonTests.swift */; };
		8FA394272514C875000D0AF4 /* TraductionViewController.swift in Sources */ = {isa = PBXBuildFile; fileRef = 8FA394262514C875000D0AF4 /* TraductionViewController.swift */; };
		8FA394292514C895000D0AF4 /* WheatherViewController.swift in Sources */ = {isa = PBXBuildFile; fileRef = 8FA394282514C895000D0AF4 /* WheatherViewController.swift */; };
		8FA3942B2514CA6C000D0AF4 /* MainTabBarControllerTableViewController.swift in Sources */ = {isa = PBXBuildFile; fileRef = 8FA3942A2514CA6C000D0AF4 /* MainTabBarControllerTableViewController.swift */; };
		8FA3942D25150C9A000D0AF4 /* ExchangeServiceAPI.swift in Sources */ = {isa = PBXBuildFile; fileRef = 8FA3942C25150C9A000D0AF4 /* ExchangeServiceAPI.swift */; };
		8FA3942E25150C9A000D0AF4 /* ExchangeServiceAPI.swift in Sources */ = {isa = PBXBuildFile; fileRef = 8FA3942C25150C9A000D0AF4 /* ExchangeServiceAPI.swift */; };
		9CA455AB2535FDF40098F9D3 /* TranslateGoogleAPI.swift in Sources */ = {isa = PBXBuildFile; fileRef = 9CA455AA2535FDF30098F9D3 /* TranslateGoogleAPI.swift */; };
		9CA455AD2536F3A80098F9D3 /* LanguageTranslateData.swift in Sources */ = {isa = PBXBuildFile; fileRef = 9CA455AC2536F3A70098F9D3 /* LanguageTranslateData.swift */; };
		9CB558642518EFC100881F9A /* ExchangeDataStruct.swift in Sources */ = {isa = PBXBuildFile; fileRef = 9CB558632518EFC000881F9A /* ExchangeDataStruct.swift */; };
		9CB80C05252345D300501D8E /* WeatherDataStruct.swift in Sources */ = {isa = PBXBuildFile; fileRef = 9CB80C04252345D200501D8E /* WeatherDataStruct.swift */; };
		9CC9D6E1254301C7006524ED /* HTTPClientRequest.swift in Sources */ = {isa = PBXBuildFile; fileRef = 9CC9D6E0254301C7006524ED /* HTTPClientRequest.swift */; };
		9CC9D6E32543021A006524ED /* HTTPEngine.swift in Sources */ = {isa = PBXBuildFile; fileRef = 9CC9D6E22543021A006524ED /* HTTPEngine.swift */; };
		9CC9D6E525430262006524ED /* LoggerPrint.swift in Sources */ = {isa = PBXBuildFile; fileRef = 9CC9D6E425430262006524ED /* LoggerPrint.swift */; };
		9CC9D6E7254302E5006524ED /* NetworkErrorEnum.swift in Sources */ = {isa = PBXBuildFile; fileRef = 9CC9D6E6254302E5006524ED /* NetworkErrorEnum.swift */; };
		9CD3B8C42541928500681623 /* ApiKeys.swift in Sources */ = {isa = PBXBuildFile; fileRef = 9CD3B8C32541928500681623 /* ApiKeys.swift */; };
		9CE26BEF2524E6D700114E3A /* WeatherServicesAPI.swift in Sources */ = {isa = PBXBuildFile; fileRef = 9CE26BEE2524E6D700114E3A /* WeatherServicesAPI.swift */; };
		9CE26BF02524E6D700114E3A /* WeatherServicesAPI.swift in Sources */ = {isa = PBXBuildFile; fileRef = 9CE26BEE2524E6D700114E3A /* WeatherServicesAPI.swift */; };
/* End PBXBuildFile section */

/* Begin PBXContainerItemProxy section */
		8FA394042513953D000D0AF4 /* PBXContainerItemProxy */ = {
			isa = PBXContainerItemProxy;
			containerPortal = 8FA393E225139536000D0AF4 /* Project object */;
			proxyType = 1;
			remoteGlobalIDString = 8FA393E925139536000D0AF4;
			remoteInfo = "Le Baluchon";
		};
/* End PBXContainerItemProxy section */

/* Begin PBXFileReference section */
		8FA393EA25139536000D0AF4 /* Le Baluchon.app */ = {isa = PBXFileReference; explicitFileType = wrapper.application; includeInIndex = 0; path = "Le Baluchon.app"; sourceTree = BUILT_PRODUCTS_DIR; };
		8FA393ED25139537000D0AF4 /* AppDelegate.swift */ = {isa = PBXFileReference; lastKnownFileType = sourcecode.swift; path = AppDelegate.swift; sourceTree = "<group>"; };
		8FA393EF25139537000D0AF4 /* SceneDelegate.swift */ = {isa = PBXFileReference; lastKnownFileType = sourcecode.swift; path = SceneDelegate.swift; sourceTree = "<group>"; };
		8FA393F125139537000D0AF4 /* ExchangeViewController.swift */ = {isa = PBXFileReference; lastKnownFileType = sourcecode.swift; path = ExchangeViewController.swift; sourceTree = "<group>"; };
		8FA393F425139537000D0AF4 /* Base */ = {isa = PBXFileReference; lastKnownFileType = file.storyboard; name = Base; path = Base.lproj/Main.storyboard; sourceTree = "<group>"; };
		8FA393F725139537000D0AF4 /* Le_Baluchon.xcdatamodel */ = {isa = PBXFileReference; lastKnownFileType = wrapper.xcdatamodel; path = Le_Baluchon.xcdatamodel; sourceTree = "<group>"; };
		8FA393F92513953C000D0AF4 /* Assets.xcassets */ = {isa = PBXFileReference; lastKnownFileType = folder.assetcatalog; path = Assets.xcassets; sourceTree = "<group>"; };
		8FA393FC2513953C000D0AF4 /* Base */ = {isa = PBXFileReference; lastKnownFileType = file.storyboard; name = Base; path = Base.lproj/LaunchScreen.storyboard; sourceTree = "<group>"; };
		8FA393FE2513953C000D0AF4 /* Info.plist */ = {isa = PBXFileReference; lastKnownFileType = text.plist.xml; path = Info.plist; sourceTree = "<group>"; };
		8FA394032513953D000D0AF4 /* Le BaluchonTests.xctest */ = {isa = PBXFileReference; explicitFileType = wrapper.cfbundle; includeInIndex = 0; path = "Le BaluchonTests.xctest"; sourceTree = BUILT_PRODUCTS_DIR; };
		8FA394072513953D000D0AF4 /* Le_BaluchonTests.swift */ = {isa = PBXFileReference; lastKnownFileType = sourcecode.swift; path = Le_BaluchonTests.swift; sourceTree = "<group>"; };
		8FA394092513953D000D0AF4 /* Info.plist */ = {isa = PBXFileReference; lastKnownFileType = text.plist.xml; path = Info.plist; sourceTree = "<group>"; };
		8FA394262514C875000D0AF4 /* TraductionViewController.swift */ = {isa = PBXFileReference; lastKnownFileType = sourcecode.swift; path = TraductionViewController.swift; sourceTree = "<group>"; };
		8FA394282514C895000D0AF4 /* WheatherViewController.swift */ = {isa = PBXFileReference; lastKnownFileType = sourcecode.swift; path = WheatherViewController.swift; sourceTree = "<group>"; };
		8FA3942A2514CA6C000D0AF4 /* MainTabBarControllerTableViewController.swift */ = {isa = PBXFileReference; lastKnownFileType = sourcecode.swift; path = MainTabBarControllerTableViewController.swift; sourceTree = "<group>"; };
		8FA3942C25150C9A000D0AF4 /* ExchangeServiceAPI.swift */ = {isa = PBXFileReference; lastKnownFileType = sourcecode.swift; path = ExchangeServiceAPI.swift; sourceTree = "<group>"; };
		9CA455AA2535FDF30098F9D3 /* TranslateGoogleAPI.swift */ = {isa = PBXFileReference; lastKnownFileType = sourcecode.swift; path = TranslateGoogleAPI.swift; sourceTree = "<group>"; };
		9CA455AC2536F3A70098F9D3 /* LanguageTranslateData.swift */ = {isa = PBXFileReference; lastKnownFileType = sourcecode.swift; path = LanguageTranslateData.swift; sourceTree = "<group>"; };
		9CB558632518EFC000881F9A /* ExchangeDataStruct.swift */ = {isa = PBXFileReference; lastKnownFileType = sourcecode.swift; path = ExchangeDataStruct.swift; sourceTree = "<group>"; };
		9CB80C04252345D200501D8E /* WeatherDataStruct.swift */ = {isa = PBXFileReference; lastKnownFileType = sourcecode.swift; path = WeatherDataStruct.swift; sourceTree = "<group>"; };
		9CC9D6E0254301C7006524ED /* HTTPClientRequest.swift */ = {isa = PBXFileReference; lastKnownFileType = sourcecode.swift; path = HTTPClientRequest.swift; sourceTree = "<group>"; };
		9CC9D6E22543021A006524ED /* HTTPEngine.swift */ = {isa = PBXFileReference; lastKnownFileType = sourcecode.swift; path = HTTPEngine.swift; sourceTree = "<group>"; };
		9CC9D6E425430262006524ED /* LoggerPrint.swift */ = {isa = PBXFileReference; lastKnownFileType = sourcecode.swift; path = LoggerPrint.swift; sourceTree = "<group>"; };
		9CC9D6E6254302E5006524ED /* NetworkErrorEnum.swift */ = {isa = PBXFileReference; lastKnownFileType = sourcecode.swift; path = NetworkErrorEnum.swift; sourceTree = "<group>"; };
		9CD3B8C32541928500681623 /* ApiKeys.swift */ = {isa = PBXFileReference; lastKnownFileType = sourcecode.swift; name = ApiKeys.swift; path = ../Model/ApiKeys.swift; sourceTree = "<group>"; };
		9CE26BEE2524E6D700114E3A /* WeatherServicesAPI.swift */ = {isa = PBXFileReference; lastKnownFileType = sourcecode.swift; path = WeatherServicesAPI.swift; sourceTree = "<group>"; };
/* End PBXFileReference section */

/* Begin PBXFrameworksBuildPhase section */
		8FA393E725139536000D0AF4 /* Frameworks */ = {
			isa = PBXFrameworksBuildPhase;
			buildActionMask = 2147483647;
			files = (
			);
			runOnlyForDeploymentPostprocessing = 0;
		};
		8FA394002513953D000D0AF4 /* Frameworks */ = {
			isa = PBXFrameworksBuildPhase;
			buildActionMask = 2147483647;
			files = (
			);
			runOnlyForDeploymentPostprocessing = 0;
		};
/* End PBXFrameworksBuildPhase section */

/* Begin PBXGroup section */
		8FA393E125139536000D0AF4 = {
			isa = PBXGroup;
			children = (
				8FA393EC25139537000D0AF4 /* Le Baluchon */,
				8FA394062513953D000D0AF4 /* Le BaluchonTests */,
				8FA393EB25139536000D0AF4 /* Products */,
			);
			sourceTree = "<group>";
		};
		8FA393EB25139536000D0AF4 /* Products */ = {
			isa = PBXGroup;
			children = (
				8FA393EA25139536000D0AF4 /* Le Baluchon.app */,
				8FA394032513953D000D0AF4 /* Le BaluchonTests.xctest */,
			);
			name = Products;
			sourceTree = "<group>";
		};
		8FA393EC25139537000D0AF4 /* Le Baluchon */ = {
			isa = PBXGroup;
			children = (
				8FA3942325139A3E000D0AF4 /* Model */,
				8FA3942225139A27000D0AF4 /* controller */,
				8FA3942125139597000D0AF4 /* View */,
				8FA394202513958B000D0AF4 /* SupportingFiles */,
			);
			path = "Le Baluchon";
			sourceTree = "<group>";
		};
		8FA394062513953D000D0AF4 /* Le BaluchonTests */ = {
			isa = PBXGroup;
			children = (
				8FA394072513953D000D0AF4 /* Le_BaluchonTests.swift */,
				8FA394092513953D000D0AF4 /* Info.plist */,
			);
			path = "Le BaluchonTests";
			sourceTree = "<group>";
		};
		8FA394202513958B000D0AF4 /* SupportingFiles */ = {
			isa = PBXGroup;
			children = (
				9CD3B8C32541928500681623 /* ApiKeys.swift */,
				8FA393ED25139537000D0AF4 /* AppDelegate.swift */,
				8FA393EF25139537000D0AF4 /* SceneDelegate.swift */,
				8FA393F92513953C000D0AF4 /* Assets.xcassets */,
				8FA393FB2513953C000D0AF4 /* LaunchScreen.storyboard */,
				8FA393FE2513953C000D0AF4 /* Info.plist */,
				8FA393F625139537000D0AF4 /* Le_Baluchon.xcdatamodeld */,
			);
			path = SupportingFiles;
			sourceTree = "<group>";
		};
		8FA3942125139597000D0AF4 /* View */ = {
			isa = PBXGroup;
			children = (
				8FA393F325139537000D0AF4 /* Main.storyboard */,
			);
			path = View;
			sourceTree = "<group>";
		};
		8FA3942225139A27000D0AF4 /* controller */ = {
			isa = PBXGroup;
			children = (
				8FA393F125139537000D0AF4 /* ExchangeViewController.swift */,
				8FA394282514C895000D0AF4 /* WheatherViewController.swift */,
				8FA394262514C875000D0AF4 /* TraductionViewController.swift */,
				8FA3942A2514CA6C000D0AF4 /* MainTabBarControllerTableViewController.swift */,
			);
			path = controller;
			sourceTree = "<group>";
		};
		8FA3942325139A3E000D0AF4 /* Model */ = {
			isa = PBXGroup;
			children = (
				9CC9D6E825436D29006524ED /* old */,
				9CB558632518EFC000881F9A /* ExchangeDataStruct.swift */,
				9CA455AC2536F3A70098F9D3 /* LanguageTranslateData.swift */,
				9CB80C04252345D200501D8E /* WeatherDataStruct.swift */,
				9CC9D6E0254301C7006524ED /* HTTPClientRequest.swift */,
				9CC9D6E22543021A006524ED /* HTTPEngine.swift */,
				9CC9D6E6254302E5006524ED /* NetworkErrorEnum.swift */,
				9CC9D6E425430262006524ED /* LoggerPrint.swift */,
			);
			path = Model;
			sourceTree = "<group>";
		};
		9CC9D6E825436D29006524ED /* old */ = {
			isa = PBXGroup;
			children = (
				8FA3942C25150C9A000D0AF4 /* ExchangeServiceAPI.swift */,
				9CE26BEE2524E6D700114E3A /* WeatherServicesAPI.swift */,
				9CA455AA2535FDF30098F9D3 /* TranslateGoogleAPI.swift */,
			);
			path = old;
			sourceTree = "<group>";
		};
/* End PBXGroup section */

/* Begin PBXNativeTarget section */
		8FA393E925139536000D0AF4 /* Le Baluchon */ = {
			isa = PBXNativeTarget;
			buildConfigurationList = 8FA394172513953D000D0AF4 /* Build configuration list for PBXNativeTarget "Le Baluchon" */;
			buildPhases = (
				8FA393E625139536000D0AF4 /* Sources */,
				8FA393E725139536000D0AF4 /* Frameworks */,
				8FA393E825139536000D0AF4 /* Resources */,
			);
			buildRules = (
			);
			dependencies = (
			);
			name = "Le Baluchon";
			productName = "Le Baluchon";
			productReference = 8FA393EA25139536000D0AF4 /* Le Baluchon.app */;
			productType = "com.apple.product-type.application";
		};
		8FA394022513953D000D0AF4 /* Le BaluchonTests */ = {
			isa = PBXNativeTarget;
			buildConfigurationList = 8FA3941A2513953D000D0AF4 /* Build configuration list for PBXNativeTarget "Le BaluchonTests" */;
			buildPhases = (
				8FA393FF2513953D000D0AF4 /* Sources */,
				8FA394002513953D000D0AF4 /* Frameworks */,
				8FA394012513953D000D0AF4 /* Resources */,
			);
			buildRules = (
			);
			dependencies = (
				8FA394052513953D000D0AF4 /* PBXTargetDependency */,
			);
			name = "Le BaluchonTests";
			productName = "Le BaluchonTests";
			productReference = 8FA394032513953D000D0AF4 /* Le BaluchonTests.xctest */;
			productType = "com.apple.product-type.bundle.unit-test";
		};
/* End PBXNativeTarget section */

/* Begin PBXProject section */
		8FA393E225139536000D0AF4 /* Project object */ = {
			isa = PBXProject;
			attributes = {
				LastSwiftUpdateCheck = 1160;
				LastUpgradeCheck = 1160;
				ORGANIZATIONNAME = Maxime;
				TargetAttributes = {
					8FA393E925139536000D0AF4 = {
						CreatedOnToolsVersion = 11.6;
					};
					8FA394022513953D000D0AF4 = {
						CreatedOnToolsVersion = 11.6;
						TestTargetID = 8FA393E925139536000D0AF4;
					};
				};
			};
			buildConfigurationList = 8FA393E525139536000D0AF4 /* Build configuration list for PBXProject "Le Baluchon" */;
			compatibilityVersion = "Xcode 9.3";
			developmentRegion = en;
			hasScannedForEncodings = 0;
			knownRegions = (
				en,
				Base,
			);
			mainGroup = 8FA393E125139536000D0AF4;
			productRefGroup = 8FA393EB25139536000D0AF4 /* Products */;
			projectDirPath = "";
			projectRoot = "";
			targets = (
				8FA393E925139536000D0AF4 /* Le Baluchon */,
				8FA394022513953D000D0AF4 /* Le BaluchonTests */,
			);
		};
/* End PBXProject section */

/* Begin PBXResourcesBuildPhase section */
		8FA393E825139536000D0AF4 /* Resources */ = {
			isa = PBXResourcesBuildPhase;
			buildActionMask = 2147483647;
			files = (
				8FA393FD2513953C000D0AF4 /* LaunchScreen.storyboard in Resources */,
				8FA393FA2513953C000D0AF4 /* Assets.xcassets in Resources */,
				8FA393F525139537000D0AF4 /* Main.storyboard in Resources */,
			);
			runOnlyForDeploymentPostprocessing = 0;
		};
		8FA394012513953D000D0AF4 /* Resources */ = {
			isa = PBXResourcesBuildPhase;
			buildActionMask = 2147483647;
			files = (
			);
			runOnlyForDeploymentPostprocessing = 0;
		};
/* End PBXResourcesBuildPhase section */

/* Begin PBXSourcesBuildPhase section */
		8FA393E625139536000D0AF4 /* Sources */ = {
			isa = PBXSourcesBuildPhase;
			buildActionMask = 2147483647;
			files = (
				9CD3B8C42541928500681623 /* ApiKeys.swift in Sources */,
				9CC9D6E32543021A006524ED /* HTTPEngine.swift in Sources */,
				8FA3942B2514CA6C000D0AF4 /* MainTabBarControllerTableViewController.swift in Sources */,
				8FA393F825139537000D0AF4 /* Le_Baluchon.xcdatamodeld in Sources */,
				8FA393F225139537000D0AF4 /* ExchangeViewController.swift in Sources */,
				9CA455AB2535FDF40098F9D3 /* TranslateGoogleAPI.swift in Sources */,
				8FA394292514C895000D0AF4 /* WheatherViewController.swift in Sources */,
				9CB80C05252345D300501D8E /* WeatherDataStruct.swift in Sources */,
				9CC9D6E7254302E5006524ED /* NetworkErrorEnum.swift in Sources */,
				9CC9D6E1254301C7006524ED /* HTTPClientRequest.swift in Sources */,
				8FA394272514C875000D0AF4 /* TraductionViewController.swift in Sources */,
				8FA3942D25150C9A000D0AF4 /* ExchangeServiceAPI.swift in Sources */,
				8FA393EE25139537000D0AF4 /* AppDelegate.swift in Sources */,
				9CC9D6E525430262006524ED /* LoggerPrint.swift in Sources */,
				9CE26BEF2524E6D700114E3A /* WeatherServicesAPI.swift in Sources */,
				9CA455AD2536F3A80098F9D3 /* LanguageTranslateData.swift in Sources */,
				9CB558642518EFC100881F9A /* ExchangeDataStruct.swift in Sources */,
				8FA393F025139537000D0AF4 /* SceneDelegate.swift in Sources */,
			);
			runOnlyForDeploymentPostprocessing = 0;
		};
		8FA393FF2513953D000D0AF4 /* Sources */ = {
			isa = PBXSourcesBuildPhase;
			buildActionMask = 2147483647;
			files = (
				9CE26BF02524E6D700114E3A /* WeatherServicesAPI.swift in Sources */,
				8FA394082513953D000D0AF4 /* Le_BaluchonTests.swift in Sources */,
				8FA3942E25150C9A000D0AF4 /* ExchangeServiceAPI.swift in Sources */,
			);
			runOnlyForDeploymentPostprocessing = 0;
		};
/* End PBXSourcesBuildPhase section */

/* Begin PBXTargetDependency section */
		8FA394052513953D000D0AF4 /* PBXTargetDependency */ = {
			isa = PBXTargetDependency;
			target = 8FA393E925139536000D0AF4 /* Le Baluchon */;
			targetProxy = 8FA394042513953D000D0AF4 /* PBXContainerItemProxy */;
		};
/* End PBXTargetDependency section */

/* Begin PBXVariantGroup section */
		8FA393F325139537000D0AF4 /* Main.storyboard */ = {
			isa = PBXVariantGroup;
			children = (
				8FA393F425139537000D0AF4 /* Base */,
			);
			name = Main.storyboard;
			sourceTree = "<group>";
		};
		8FA393FB2513953C000D0AF4 /* LaunchScreen.storyboard */ = {
			isa = PBXVariantGroup;
			children = (
				8FA393FC2513953C000D0AF4 /* Base */,
			);
			name = LaunchScreen.storyboard;
			sourceTree = "<group>";
		};
/* End PBXVariantGroup section */

/* Begin XCBuildConfiguration section */
		8FA394152513953D000D0AF4 /* Debug */ = {
			isa = XCBuildConfiguration;
			buildSettings = {
				ALWAYS_SEARCH_USER_PATHS = NO;
				CLANG_ANALYZER_NONNULL = YES;
				CLANG_ANALYZER_NUMBER_OBJECT_CONVERSION = YES_AGGRESSIVE;
				CLANG_CXX_LANGUAGE_STANDARD = "gnu++14";
				CLANG_CXX_LIBRARY = "libc++";
				CLANG_ENABLE_MODULES = YES;
				CLANG_ENABLE_OBJC_ARC = YES;
				CLANG_ENABLE_OBJC_WEAK = YES;
				CLANG_WARN_BLOCK_CAPTURE_AUTORELEASING = YES;
				CLANG_WARN_BOOL_CONVERSION = YES;
				CLANG_WARN_COMMA = YES;
				CLANG_WARN_CONSTANT_CONVERSION = YES;
				CLANG_WARN_DEPRECATED_OBJC_IMPLEMENTATIONS = YES;
				CLANG_WARN_DIRECT_OBJC_ISA_USAGE = YES_ERROR;
				CLANG_WARN_DOCUMENTATION_COMMENTS = YES;
				CLANG_WARN_EMPTY_BODY = YES;
				CLANG_WARN_ENUM_CONVERSION = YES;
				CLANG_WARN_INFINITE_RECURSION = YES;
				CLANG_WARN_INT_CONVERSION = YES;
				CLANG_WARN_NON_LITERAL_NULL_CONVERSION = YES;
				CLANG_WARN_OBJC_IMPLICIT_RETAIN_SELF = YES;
				CLANG_WARN_OBJC_LITERAL_CONVERSION = YES;
				CLANG_WARN_OBJC_ROOT_CLASS = YES_ERROR;
				CLANG_WARN_RANGE_LOOP_ANALYSIS = YES;
				CLANG_WARN_STRICT_PROTOTYPES = YES;
				CLANG_WARN_SUSPICIOUS_MOVE = YES;
				CLANG_WARN_UNGUARDED_AVAILABILITY = YES_AGGRESSIVE;
				CLANG_WARN_UNREACHABLE_CODE = YES;
				CLANG_WARN__DUPLICATE_METHOD_MATCH = YES;
				COPY_PHASE_STRIP = NO;
				DEBUG_INFORMATION_FORMAT = dwarf;
				ENABLE_STRICT_OBJC_MSGSEND = YES;
				ENABLE_TESTABILITY = YES;
				GCC_C_LANGUAGE_STANDARD = gnu11;
				GCC_DYNAMIC_NO_PIC = NO;
				GCC_NO_COMMON_BLOCKS = YES;
				GCC_OPTIMIZATION_LEVEL = 0;
				GCC_PREPROCESSOR_DEFINITIONS = (
					"DEBUG=1",
					"$(inherited)",
				);
				GCC_WARN_64_TO_32_BIT_CONVERSION = YES;
				GCC_WARN_ABOUT_RETURN_TYPE = YES_ERROR;
				GCC_WARN_UNDECLARED_SELECTOR = YES;
				GCC_WARN_UNINITIALIZED_AUTOS = YES_AGGRESSIVE;
				GCC_WARN_UNUSED_FUNCTION = YES;
				GCC_WARN_UNUSED_VARIABLE = YES;
				IPHONEOS_DEPLOYMENT_TARGET = 11.0;
				MTL_ENABLE_DEBUG_INFO = INCLUDE_SOURCE;
				MTL_FAST_MATH = YES;
				ONLY_ACTIVE_ARCH = YES;
				SDKROOT = iphoneos;
				SWIFT_ACTIVE_COMPILATION_CONDITIONS = DEBUG;
				SWIFT_OPTIMIZATION_LEVEL = "-Onone";
			};
			name = Debug;
		};
		8FA394162513953D000D0AF4 /* Release */ = {
			isa = XCBuildConfiguration;
			buildSettings = {
				ALWAYS_SEARCH_USER_PATHS = NO;
				CLANG_ANALYZER_NONNULL = YES;
				CLANG_ANALYZER_NUMBER_OBJECT_CONVERSION = YES_AGGRESSIVE;
				CLANG_CXX_LANGUAGE_STANDARD = "gnu++14";
				CLANG_CXX_LIBRARY = "libc++";
				CLANG_ENABLE_MODULES = YES;
				CLANG_ENABLE_OBJC_ARC = YES;
				CLANG_ENABLE_OBJC_WEAK = YES;
				CLANG_WARN_BLOCK_CAPTURE_AUTORELEASING = YES;
				CLANG_WARN_BOOL_CONVERSION = YES;
				CLANG_WARN_COMMA = YES;
				CLANG_WARN_CONSTANT_CONVERSION = YES;
				CLANG_WARN_DEPRECATED_OBJC_IMPLEMENTATIONS = YES;
				CLANG_WARN_DIRECT_OBJC_ISA_USAGE = YES_ERROR;
				CLANG_WARN_DOCUMENTATION_COMMENTS = YES;
				CLANG_WARN_EMPTY_BODY = YES;
				CLANG_WARN_ENUM_CONVERSION = YES;
				CLANG_WARN_INFINITE_RECURSION = YES;
				CLANG_WARN_INT_CONVERSION = YES;
				CLANG_WARN_NON_LITERAL_NULL_CONVERSION = YES;
				CLANG_WARN_OBJC_IMPLICIT_RETAIN_SELF = YES;
				CLANG_WARN_OBJC_LITERAL_CONVERSION = YES;
				CLANG_WARN_OBJC_ROOT_CLASS = YES_ERROR;
				CLANG_WARN_RANGE_LOOP_ANALYSIS = YES;
				CLANG_WARN_STRICT_PROTOTYPES = YES;
				CLANG_WARN_SUSPICIOUS_MOVE = YES;
				CLANG_WARN_UNGUARDED_AVAILABILITY = YES_AGGRESSIVE;
				CLANG_WARN_UNREACHABLE_CODE = YES;
				CLANG_WARN__DUPLICATE_METHOD_MATCH = YES;
				COPY_PHASE_STRIP = NO;
				DEBUG_INFORMATION_FORMAT = "dwarf-with-dsym";
				ENABLE_NS_ASSERTIONS = NO;
				ENABLE_STRICT_OBJC_MSGSEND = YES;
				GCC_C_LANGUAGE_STANDARD = gnu11;
				GCC_NO_COMMON_BLOCKS = YES;
				GCC_WARN_64_TO_32_BIT_CONVERSION = YES;
				GCC_WARN_ABOUT_RETURN_TYPE = YES_ERROR;
				GCC_WARN_UNDECLARED_SELECTOR = YES;
				GCC_WARN_UNINITIALIZED_AUTOS = YES_AGGRESSIVE;
				GCC_WARN_UNUSED_FUNCTION = YES;
				GCC_WARN_UNUSED_VARIABLE = YES;
				IPHONEOS_DEPLOYMENT_TARGET = 11.0;
				MTL_ENABLE_DEBUG_INFO = NO;
				MTL_FAST_MATH = YES;
				SDKROOT = iphoneos;
				SWIFT_COMPILATION_MODE = wholemodule;
				SWIFT_OPTIMIZATION_LEVEL = "-O";
				VALIDATE_PRODUCT = YES;
			};
			name = Release;
		};
		8FA394182513953D000D0AF4 /* Debug */ = {
			isa = XCBuildConfiguration;
			buildSettings = {
				ASSETCATALOG_COMPILER_APPICON_NAME = AppIcon;
				CODE_SIGN_IDENTITY = "Apple Development";
				CODE_SIGN_STYLE = Manual;
				DEVELOPMENT_TEAM = "";
				INFOPLIST_FILE = "$(SRCROOT)/Le Baluchon/SupportingFiles/Info.plist";
				LD_RUNPATH_SEARCH_PATHS = (
					"$(inherited)",
					"@executable_path/Frameworks",
				);
				PRODUCT_BUNDLE_IDENTIFIER = "test.Le-Baluchon";
				PRODUCT_NAME = "$(TARGET_NAME)";
				PROVISIONING_PROFILE_SPECIFIER = "";
				SWIFT_VERSION = 5.0;
				TARGETED_DEVICE_FAMILY = 1;
			};
			name = Debug;
		};
		8FA394192513953D000D0AF4 /* Release */ = {
			isa = XCBuildConfiguration;
			buildSettings = {
				ASSETCATALOG_COMPILER_APPICON_NAME = AppIcon;
				CODE_SIGN_STYLE = Manual;
				DEVELOPMENT_TEAM = "";
				INFOPLIST_FILE = "$(SRCROOT)/Le Baluchon/SupportingFiles/Info.plist";
				LD_RUNPATH_SEARCH_PATHS = (
					"$(inherited)",
					"@executable_path/Frameworks",
				);
				PRODUCT_BUNDLE_IDENTIFIER = "test.Le-Baluchon";
				PRODUCT_NAME = "$(TARGET_NAME)";
				PROVISIONING_PROFILE_SPECIFIER = "";
				SWIFT_VERSION = 5.0;
				TARGETED_DEVICE_FAMILY = 1;
			};
			name = Release;
		};
		8FA3941B2513953D000D0AF4 /* Debug */ = {
			isa = XCBuildConfiguration;
			buildSettings = {
				ALWAYS_EMBED_SWIFT_STANDARD_LIBRARIES = YES;
				BUNDLE_LOADER = "$(TEST_HOST)";
				CODE_SIGN_STYLE = Automatic;
				INFOPLIST_FILE = "Le BaluchonTests/Info.plist";
				IPHONEOS_DEPLOYMENT_TARGET = 11.0;
				LD_RUNPATH_SEARCH_PATHS = (
					"$(inherited)",
					"@executable_path/Frameworks",
					"@loader_path/Frameworks",
				);
				PRODUCT_BUNDLE_IDENTIFIER = "test.Le-BaluchonTests";
				PRODUCT_NAME = "$(TARGET_NAME)";
				SWIFT_VERSION = 5.0;
				TARGETED_DEVICE_FAMILY = "1,2";
				TEST_HOST = "$(BUILT_PRODUCTS_DIR)/Le Baluchon.app/Le Baluchon";
			};
			name = Debug;
		};
		8FA3941C2513953D000D0AF4 /* Release */ = {
			isa = XCBuildConfiguration;
			buildSettings = {
				ALWAYS_EMBED_SWIFT_STANDARD_LIBRARIES = YES;
				BUNDLE_LOADER = "$(TEST_HOST)";
				CODE_SIGN_STYLE = Automatic;
				INFOPLIST_FILE = "Le BaluchonTests/Info.plist";
				IPHONEOS_DEPLOYMENT_TARGET = 11.0;
				LD_RUNPATH_SEARCH_PATHS = (
					"$(inherited)",
					"@executable_path/Frameworks",
					"@loader_path/Frameworks",
				);
				PRODUCT_BUNDLE_IDENTIFIER = "test.Le-BaluchonTests";
				PRODUCT_NAME = "$(TARGET_NAME)";
				SWIFT_VERSION = 5.0;
				TARGETED_DEVICE_FAMILY = "1,2";
				TEST_HOST = "$(BUILT_PRODUCTS_DIR)/Le Baluchon.app/Le Baluchon";
			};
			name = Release;
		};
/* End XCBuildConfiguration section */

/* Begin XCConfigurationList section */
		8FA393E525139536000D0AF4 /* Build configuration list for PBXProject "Le Baluchon" */ = {
			isa = XCConfigurationList;
			buildConfigurations = (
				8FA394152513953D000D0AF4 /* Debug */,
				8FA394162513953D000D0AF4 /* Release */,
			);
			defaultConfigurationIsVisible = 0;
			defaultConfigurationName = Release;
		};
		8FA394172513953D000D0AF4 /* Build configuration list for PBXNativeTarget "Le Baluchon" */ = {
			isa = XCConfigurationList;
			buildConfigurations = (
				8FA394182513953D000D0AF4 /* Debug */,
				8FA394192513953D000D0AF4 /* Release */,
			);
			defaultConfigurationIsVisible = 0;
			defaultConfigurationName = Release;
		};
		8FA3941A2513953D000D0AF4 /* Build configuration list for PBXNativeTarget "Le BaluchonTests" */ = {
			isa = XCConfigurationList;
			buildConfigurations = (
				8FA3941B2513953D000D0AF4 /* Debug */,
				8FA3941C2513953D000D0AF4 /* Release */,
			);
			defaultConfigurationIsVisible = 0;
			defaultConfigurationName = Release;
		};
/* End XCConfigurationList section */

/* Begin XCVersionGroup section */
		8FA393F625139537000D0AF4 /* Le_Baluchon.xcdatamodeld */ = {
			isa = XCVersionGroup;
			children = (
				8FA393F725139537000D0AF4 /* Le_Baluchon.xcdatamodel */,
			);
			currentVersion = 8FA393F725139537000D0AF4 /* Le_Baluchon.xcdatamodel */;
			path = Le_Baluchon.xcdatamodeld;
			sourceTree = "<group>";
			versionGroupType = wrapper.xcdatamodel;
		};
/* End XCVersionGroup section */
	};
	rootObject = 8FA393E225139536000D0AF4 /* Project object */;
}
